
Microsoft Visual Studio Solution File, Format Version 12.00
# Visual Studio Version 16
VisualStudioVersion = 16.0.31605.320
MinimumVisualStudioVersion = 10.0.40219.1
Project("{FAE04EC0-301F-11D3-BF4B-00C04F79EFBC}") = "Book_Assessment_API", "Book_Assessment_API\Book_Assessment_API.csproj", "{AA5660CE-E849-4E4E-9568-D11C32CE47B9}"
EndProject
Global
	GlobalSection(SolutionConfigurationPlatforms) = preSolution
		Debug|Any CPU = Debug|Any CPU
		Release|Any CPU = Release|Any CPU
	EndGlobalSection
	GlobalSection(ProjectConfigurationPlatforms) = postSolution
		{AA5660CE-E849-4E4E-9568-D11C32CE47B9}.Debug|Any CPU.ActiveCfg = Debug|Any CPU
		{AA5660CE-E849-4E4E-9568-D11C32CE47B9}.Debug|Any CPU.Build.0 = Debug|Any CPU
		{AA5660CE-E849-4E4E-9568-D11C32CE47B9}.Release|Any CPU.ActiveCfg = Release|Any CPU
		{AA5660CE-E849-4E4E-9568-D11C32CE47B9}.Release|Any CPU.Build.0 = Release|Any CPU
	EndGlobalSection
	GlobalSection(SolutionProperties) = preSolution
		HideSolutionNode = FALSE
	EndGlobalSection
	GlobalSection(ExtensibilityGlobals) = postSolution
		SolutionGuid = {5971ECF1-2CF4-4309-BF67-140282125124}
	EndGlobalSection
EndGlobal
